
Microsoft Visual Studio Solution File, Format Version 12.00
# Visual Studio Version 16
VisualStudioVersion = 16.0.28803.156
MinimumVisualStudioVersion = 10.0.40219.1
Project("{FAE04EC0-301F-11D3-BF4B-00C04F79EFBC}") = "Main", "Main\Main.csproj", "{7BF04727-4B41-479E-8B9D-ACA78750D909}"
EndProject
Project("{FAE04EC0-301F-11D3-BF4B-00C04F79EFBC}") = "Laborator1", "Laborator1\Laborator1.csproj", "{5F49B654-5B6D-410D-92C0-D2E1026EB1AC}"
EndProject
Project("{FAE04EC0-301F-11D3-BF4B-00C04F79EFBC}") = "Laborator2", "Laborator2\Laborator2.csproj", "{9F3E6E44-7019-44B4-9A98-A36BD043B687}"
EndProject
Project("{FAE04EC0-301F-11D3-BF4B-00C04F79EFBC}") = "Common", "Common\Common.csproj", "{A793772D-FECD-4EF7-A503-5F118AFF2035}"
EndProject
Project("{FAE04EC0-301F-11D3-BF4B-00C04F79EFBC}") = "Laborator3", "Laborator3\Laborator3.csproj", "{9A0AA1E2-B56F-4C08-9ED6-51081FAFA6E5}"
EndProject
Project("{FAE04EC0-301F-11D3-BF4B-00C04F79EFBC}") = "Laborator4", "Laborator4\Laborator4.csproj", "{C7E67CB6-0DCA-4F6F-9926-6109B72D71C3}"
EndProject
Project("{FAE04EC0-301F-11D3-BF4B-00C04F79EFBC}") = "Laborator5", "Laborator5\Laborator5.csproj", "{89572D87-C037-46E0-BF31-0C337CAA9696}"
EndProject
Project("{FAE04EC0-301F-11D3-BF4B-00C04F79EFBC}") = "Laborator6", "Laborator6\Laborator6.csproj", "{B3F1DD40-2641-4D1E-AE6E-89D2CC432C83}"
EndProject
Project("{FAE04EC0-301F-11D3-BF4B-00C04F79EFBC}") = "Laborator7", "Laborator7\Laborator7.csproj", "{0D00049A-6E88-4DF3-AEF2-35ED3A3A69FA}"
EndProject
Project("{FAE04EC0-301F-11D3-BF4B-00C04F79EFBC}") = "Laborator8", "Laborator8\Laborator8.csproj", "{DF076FFA-E4E4-470B-A691-90FFD6EF20FB}"
EndProject
Global
	GlobalSection(SolutionConfigurationPlatforms) = preSolution
		Debug|Any CPU = Debug|Any CPU
		Release|Any CPU = Release|Any CPU
	EndGlobalSection
	GlobalSection(ProjectConfigurationPlatforms) = postSolution
		{7BF04727-4B41-479E-8B9D-ACA78750D909}.Debug|Any CPU.ActiveCfg = Debug|Any CPU
		{7BF04727-4B41-479E-8B9D-ACA78750D909}.Debug|Any CPU.Build.0 = Debug|Any CPU
		{7BF04727-4B41-479E-8B9D-ACA78750D909}.Release|Any CPU.ActiveCfg = Release|Any CPU
		{7BF04727-4B41-479E-8B9D-ACA78750D909}.Release|Any CPU.Build.0 = Release|Any CPU
		{5F49B654-5B6D-410D-92C0-D2E1026EB1AC}.Debug|Any CPU.ActiveCfg = Debug|Any CPU
		{5F49B654-5B6D-410D-92C0-D2E1026EB1AC}.Debug|Any CPU.Build.0 = Debug|Any CPU
		{5F49B654-5B6D-410D-92C0-D2E1026EB1AC}.Release|Any CPU.ActiveCfg = Release|Any CPU
		{5F49B654-5B6D-410D-92C0-D2E1026EB1AC}.Release|Any CPU.Build.0 = Release|Any CPU
		{9F3E6E44-7019-44B4-9A98-A36BD043B687}.Debug|Any CPU.ActiveCfg = Debug|Any CPU
		{9F3E6E44-7019-44B4-9A98-A36BD043B687}.Debug|Any CPU.Build.0 = Debug|Any CPU
		{9F3E6E44-7019-44B4-9A98-A36BD043B687}.Release|Any CPU.ActiveCfg = Release|Any CPU
		{9F3E6E44-7019-44B4-9A98-A36BD043B687}.Release|Any CPU.Build.0 = Release|Any CPU
		{A793772D-FECD-4EF7-A503-5F118AFF2035}.Debug|Any CPU.ActiveCfg = Debug|Any CPU
		{A793772D-FECD-4EF7-A503-5F118AFF2035}.Debug|Any CPU.Build.0 = Debug|Any CPU
		{A793772D-FECD-4EF7-A503-5F118AFF2035}.Release|Any CPU.ActiveCfg = Release|Any CPU
		{A793772D-FECD-4EF7-A503-5F118AFF2035}.Release|Any CPU.Build.0 = Release|Any CPU
		{9A0AA1E2-B56F-4C08-9ED6-51081FAFA6E5}.Debug|Any CPU.ActiveCfg = Debug|Any CPU
		{9A0AA1E2-B56F-4C08-9ED6-51081FAFA6E5}.Debug|Any CPU.Build.0 = Debug|Any CPU
		{9A0AA1E2-B56F-4C08-9ED6-51081FAFA6E5}.Release|Any CPU.ActiveCfg = Release|Any CPU
		{9A0AA1E2-B56F-4C08-9ED6-51081FAFA6E5}.Release|Any CPU.Build.0 = Release|Any CPU
		{C7E67CB6-0DCA-4F6F-9926-6109B72D71C3}.Debug|Any CPU.ActiveCfg = Debug|Any CPU
		{C7E67CB6-0DCA-4F6F-9926-6109B72D71C3}.Debug|Any CPU.Build.0 = Debug|Any CPU
		{C7E67CB6-0DCA-4F6F-9926-6109B72D71C3}.Release|Any CPU.ActiveCfg = Release|Any CPU
		{C7E67CB6-0DCA-4F6F-9926-6109B72D71C3}.Release|Any CPU.Build.0 = Release|Any CPU
		{89572D87-C037-46E0-BF31-0C337CAA9696}.Debug|Any CPU.ActiveCfg = Debug|Any CPU
		{89572D87-C037-46E0-BF31-0C337CAA9696}.Debug|Any CPU.Build.0 = Debug|Any CPU
		{89572D87-C037-46E0-BF31-0C337CAA9696}.Release|Any CPU.ActiveCfg = Release|Any CPU
		{89572D87-C037-46E0-BF31-0C337CAA9696}.Release|Any CPU.Build.0 = Release|Any CPU
		{B3F1DD40-2641-4D1E-AE6E-89D2CC432C83}.Debug|Any CPU.ActiveCfg = Debug|Any CPU
		{B3F1DD40-2641-4D1E-AE6E-89D2CC432C83}.Debug|Any CPU.Build.0 = Debug|Any CPU
		{B3F1DD40-2641-4D1E-AE6E-89D2CC432C83}.Release|Any CPU.ActiveCfg = Release|Any CPU
		{B3F1DD40-2641-4D1E-AE6E-89D2CC432C83}.Release|Any CPU.Build.0 = Release|Any CPU
		{0D00049A-6E88-4DF3-AEF2-35ED3A3A69FA}.Debug|Any CPU.ActiveCfg = Debug|Any CPU
		{0D00049A-6E88-4DF3-AEF2-35ED3A3A69FA}.Debug|Any CPU.Build.0 = Debug|Any CPU
		{0D00049A-6E88-4DF3-AEF2-35ED3A3A69FA}.Release|Any CPU.ActiveCfg = Release|Any CPU
		{0D00049A-6E88-4DF3-AEF2-35ED3A3A69FA}.Release|Any CPU.Build.0 = Release|Any CPU
		{DF076FFA-E4E4-470B-A691-90FFD6EF20FB}.Debug|Any CPU.ActiveCfg = Debug|Any CPU
		{DF076FFA-E4E4-470B-A691-90FFD6EF20FB}.Debug|Any CPU.Build.0 = Debug|Any CPU
		{DF076FFA-E4E4-470B-A691-90FFD6EF20FB}.Release|Any CPU.ActiveCfg = Release|Any CPU
		{DF076FFA-E4E4-470B-A691-90FFD6EF20FB}.Release|Any CPU.Build.0 = Release|Any CPU
	EndGlobalSection
	GlobalSection(SolutionProperties) = preSolution
		HideSolutionNode = FALSE
	EndGlobalSection
	GlobalSection(ExtensibilityGlobals) = postSolution
		SolutionGuid = {3E341A74-BFA2-4836-B4E5-C48B9CBE8B97}
	EndGlobalSection
EndGlobal
